
Microsoft Visual Studio Solution File, Format Version 12.00
# Visual Studio Version 17
VisualStudioVersion = 17.4.33205.214
MinimumVisualStudioVersion = 10.0.40219.1
Project("{9A19103F-16F7-4668-BE54-9A1E7A4F7556}") = "API.Gateway", "API.Gateway\API.Gateway.csproj", "{173E360E-E028-49DF-A92C-4FFE2E40E97C}"
EndProject
Project("{FAE04EC0-301F-11D3-BF4B-00C04F79EFBC}") = "API.Gateway.Test", "API.Gateway.Test\API.Gateway.Test.csproj", "{662ED7E2-4490-46B6-BF7A-FCAD0FFAF2CD}"
EndProject
Global
	GlobalSection(SolutionConfigurationPlatforms) = preSolution
		Debug|Any CPU = Debug|Any CPU
		Release|Any CPU = Release|Any CPU
	EndGlobalSection
	GlobalSection(ProjectConfigurationPlatforms) = postSolution
		{173E360E-E028-49DF-A92C-4FFE2E40E97C}.Debug|Any CPU.ActiveCfg = Debug|Any CPU
		{173E360E-E028-49DF-A92C-4FFE2E40E97C}.Debug|Any CPU.Build.0 = Debug|Any CPU
		{173E360E-E028-49DF-A92C-4FFE2E40E97C}.Release|Any CPU.ActiveCfg = Release|Any CPU
		{173E360E-E028-49DF-A92C-4FFE2E40E97C}.Release|Any CPU.Build.0 = Release|Any CPU
		{662ED7E2-4490-46B6-BF7A-FCAD0FFAF2CD}.Debug|Any CPU.ActiveCfg = Debug|Any CPU
		{662ED7E2-4490-46B6-BF7A-FCAD0FFAF2CD}.Debug|Any CPU.Build.0 = Debug|Any CPU
		{662ED7E2-4490-46B6-BF7A-FCAD0FFAF2CD}.Release|Any CPU.ActiveCfg = Release|Any CPU
		{662ED7E2-4490-46B6-BF7A-FCAD0FFAF2CD}.Release|Any CPU.Build.0 = Release|Any CPU
	EndGlobalSection
	GlobalSection(SolutionProperties) = preSolution
		HideSolutionNode = FALSE
	EndGlobalSection
	GlobalSection(ExtensibilityGlobals) = postSolution
		SolutionGuid = {527F4741-158A-4CBA-B375-D3C003B3D45D}
	EndGlobalSection
EndGlobal
